
Microsoft Visual Studio Solution File, Format Version 12.00
# Visual Studio 15
VisualStudioVersion = 15.0.28010.2050
MinimumVisualStudioVersion = 10.0.40219.1
Project("{FAE04EC0-301F-11D3-BF4B-00C04F79EFBC}") = "ConccurrencyLab2", "ConccurrencyLab2\ConccurrencyLab2.csproj", "{CF296E82-BE51-4DD5-AE3E-008155D1E9E2}"
EndProject
Global
	GlobalSection(SolutionConfigurationPlatforms) = preSolution
		Debug|Any CPU = Debug|Any CPU
		Release|Any CPU = Release|Any CPU
	EndGlobalSection
	GlobalSection(ProjectConfigurationPlatforms) = postSolution
		{CF296E82-BE51-4DD5-AE3E-008155D1E9E2}.Debug|Any CPU.ActiveCfg = Debug|Any CPU
		{CF296E82-BE51-4DD5-AE3E-008155D1E9E2}.Debug|Any CPU.Build.0 = Debug|Any CPU
		{CF296E82-BE51-4DD5-AE3E-008155D1E9E2}.Release|Any CPU.ActiveCfg = Release|Any CPU
		{CF296E82-BE51-4DD5-AE3E-008155D1E9E2}.Release|Any CPU.Build.0 = Release|Any CPU
	EndGlobalSection
	GlobalSection(SolutionProperties) = preSolution
		HideSolutionNode = FALSE
	EndGlobalSection
	GlobalSection(ExtensibilityGlobals) = postSolution
		SolutionGuid = {615F4FE1-3F41-407D-8A1C-208958A53FAB}
	EndGlobalSection
EndGlobal
